// !$*UTF8*$!
{
	archiveVersion = 1;
	classes = {
	};
	objectVersion = 56;
	objects = {

/* Begin PBXBuildFile section */
		C793AA492CDABEEE008D4EEB /* ReminderApp.swift in Sources */ = {isa = PBXBuildFile; fileRef = C793AA482CDABEEE008D4EEB /* ReminderApp.swift */; };
		C793AA4B2CDABEEE008D4EEB /* ContentView.swift in Sources */ = {isa = PBXBuildFile; fileRef = C793AA4A2CDABEEE008D4EEB /* ContentView.swift */; };
		C793AA4D2CDABEF0008D4EEB /* Assets.xcassets in Resources */ = {isa = PBXBuildFile; fileRef = C793AA4C2CDABEF0008D4EEB /* Assets.xcassets */; };
		C793AA502CDABEF0008D4EEB /* Preview Assets.xcassets in Resources */ = {isa = PBXBuildFile; fileRef = C793AA4F2CDABEF0008D4EEB /* Preview Assets.xcassets */; };
		C7F757DA2D3DDEE3000C970A /* ReminderModel.xcdatamodeld in Sources */ = {isa = PBXBuildFile; fileRef = C7F757D82D3DDEE3000C970A /* ReminderModel.xcdatamodeld */; };
		C7F757DD2D3DDF56000C970A /* ReminderEntity+CoreDataClass.swift in Sources */ = {isa = PBXBuildFile; fileRef = C7F757DB2D3DDF56000C970A /* ReminderEntity+CoreDataClass.swift */; };
		C7F757DE2D3DDF56000C970A /* ReminderEntity+CoreDataProperties.swift in Sources */ = {isa = PBXBuildFile; fileRef = C7F757DC2D3DDF56000C970A /* ReminderEntity+CoreDataProperties.swift */; };
		C7F757E02D3DDF7A000C970A /* PersistenceController.swift in Sources */ = {isa = PBXBuildFile; fileRef = C7F757DF2D3DDF7A000C970A /* PersistenceController.swift */; };
		C7F757E22D3DE4EB000C970A /* ReminderManager.swift in Sources */ = {isa = PBXBuildFile; fileRef = C7F757E12D3DE4EB000C970A /* ReminderManager.swift */; };
		C7F757E42D3DF1D9000C970A /* NotificationDelegate.swift in Sources */ = {isa = PBXBuildFile; fileRef = C7F757E32D3DF1D9000C970A /* NotificationDelegate.swift */; };
		C7F757EB2D3E077C000C970A /* ToDoView.swift in Sources */ = {isa = PBXBuildFile; fileRef = C7F757EA2D3E077C000C970A /* ToDoView.swift */; };
		C7F757ED2D3E07B9000C970A /* AddToDoView.swift in Sources */ = {isa = PBXBuildFile; fileRef = C7F757EC2D3E07B9000C970A /* AddToDoView.swift */; };
		C7F757EF2D3E07F4000C970A /* AlwaysOnView.swift in Sources */ = {isa = PBXBuildFile; fileRef = C7F757EE2D3E07F4000C970A /* AlwaysOnView.swift */; };
		C7F757F32D3E085C000C970A /* DateFormatter.swift in Sources */ = {isa = PBXBuildFile; fileRef = C7F757F22D3E085C000C970A /* DateFormatter.swift */; };
		C7F757F52D3E086F000C970A /* DoneView.swift in Sources */ = {isa = PBXBuildFile; fileRef = C7F757F42D3E086F000C970A /* DoneView.swift */; };
		C7F757F72D3E0897000C970A /* PomodoroView.swift in Sources */ = {isa = PBXBuildFile; fileRef = C7F757F62D3E0897000C970A /* PomodoroView.swift */; };
		C7F757F92D3E08E3000C970A /* Constants.swift in Sources */ = {isa = PBXBuildFile; fileRef = C7F757F82D3E08E3000C970A /* Constants.swift */; };
/* End PBXBuildFile section */

/* Begin PBXFileReference section */
		C793AA452CDABEEE008D4EEB /* Reminder.app */ = {isa = PBXFileReference; explicitFileType = wrapper.application; includeInIndex = 0; path = Reminder.app; sourceTree = BUILT_PRODUCTS_DIR; };
		C793AA482CDABEEE008D4EEB /* ReminderApp.swift */ = {isa = PBXFileReference; lastKnownFileType = sourcecode.swift; path = ReminderApp.swift; sourceTree = "<group>"; };
		C793AA4A2CDABEEE008D4EEB /* ContentView.swift */ = {isa = PBXFileReference; lastKnownFileType = sourcecode.swift; path = ContentView.swift; sourceTree = "<group>"; };
		C793AA4C2CDABEF0008D4EEB /* Assets.xcassets */ = {isa = PBXFileReference; lastKnownFileType = folder.assetcatalog; path = Assets.xcassets; sourceTree = "<group>"; };
		C793AA4F2CDABEF0008D4EEB /* Preview Assets.xcassets */ = {isa = PBXFileReference; lastKnownFileType = folder.assetcatalog; path = "Preview Assets.xcassets"; sourceTree = "<group>"; };
		C7F757D92D3DDEE3000C970A /* ReminderModel.xcdatamodel */ = {isa = PBXFileReference; lastKnownFileType = wrapper.xcdatamodel; path = ReminderModel.xcdatamodel; sourceTree = "<group>"; };
		C7F757DB2D3DDF56000C970A /* ReminderEntity+CoreDataClass.swift */ = {isa = PBXFileReference; lastKnownFileType = sourcecode.swift; path = "ReminderEntity+CoreDataClass.swift"; sourceTree = "<group>"; };
		C7F757DC2D3DDF56000C970A /* ReminderEntity+CoreDataProperties.swift */ = {isa = PBXFileReference; lastKnownFileType = sourcecode.swift; path = "ReminderEntity+CoreDataProperties.swift"; sourceTree = "<group>"; };
		C7F757DF2D3DDF7A000C970A /* PersistenceController.swift */ = {isa = PBXFileReference; lastKnownFileType = sourcecode.swift; path = PersistenceController.swift; sourceTree = "<group>"; };
		C7F757E12D3DE4EB000C970A /* ReminderManager.swift */ = {isa = PBXFileReference; lastKnownFileType = sourcecode.swift; path = ReminderManager.swift; sourceTree = "<group>"; };
		C7F757E32D3DF1D9000C970A /* NotificationDelegate.swift */ = {isa = PBXFileReference; lastKnownFileType = sourcecode.swift; path = NotificationDelegate.swift; sourceTree = "<group>"; };
		C7F757EA2D3E077C000C970A /* ToDoView.swift */ = {isa = PBXFileReference; lastKnownFileType = sourcecode.swift; path = ToDoView.swift; sourceTree = "<group>"; };
		C7F757EC2D3E07B9000C970A /* AddToDoView.swift */ = {isa = PBXFileReference; lastKnownFileType = sourcecode.swift; path = AddToDoView.swift; sourceTree = "<group>"; };
		C7F757EE2D3E07F4000C970A /* AlwaysOnView.swift */ = {isa = PBXFileReference; lastKnownFileType = sourcecode.swift; path = AlwaysOnView.swift; sourceTree = "<group>"; };
		C7F757F22D3E085C000C970A /* DateFormatter.swift */ = {isa = PBXFileReference; lastKnownFileType = sourcecode.swift; path = DateFormatter.swift; sourceTree = "<group>"; };
		C7F757F42D3E086F000C970A /* DoneView.swift */ = {isa = PBXFileReference; lastKnownFileType = sourcecode.swift; path = DoneView.swift; sourceTree = "<group>"; };
		C7F757F62D3E0897000C970A /* PomodoroView.swift */ = {isa = PBXFileReference; lastKnownFileType = sourcecode.swift; path = PomodoroView.swift; sourceTree = "<group>"; };
		C7F757F82D3E08E3000C970A /* Constants.swift */ = {isa = PBXFileReference; lastKnownFileType = sourcecode.swift; path = Constants.swift; sourceTree = "<group>"; };
/* End PBXFileReference section */

/* Begin PBXFrameworksBuildPhase section */
		C793AA422CDABEEE008D4EEB /* Frameworks */ = {
			isa = PBXFrameworksBuildPhase;
			buildActionMask = 2147483647;
			files = (
			);
			runOnlyForDeploymentPostprocessing = 0;
		};
/* End PBXFrameworksBuildPhase section */

/* Begin PBXGroup section */
		C793AA3C2CDABEEE008D4EEB = {
			isa = PBXGroup;
			children = (
				C793AA472CDABEEE008D4EEB /* Reminder */,
				C793AA462CDABEEE008D4EEB /* Products */,
			);
			sourceTree = "<group>";
		};
		C793AA462CDABEEE008D4EEB /* Products */ = {
			isa = PBXGroup;
			children = (
				C793AA452CDABEEE008D4EEB /* Reminder.app */,
			);
			name = Products;
			sourceTree = "<group>";
		};
		C793AA472CDABEEE008D4EEB /* Reminder */ = {
			isa = PBXGroup;
			children = (
				C7F757FC2D3E0928000C970A /* Utils */,
				C7F757FA2D3E08FC000C970A /* Persistence */,
				C7F757F82D3E08E3000C970A /* Constants.swift */,
				C7F757E92D3E076B000C970A /* Views */,
				C793AA482CDABEEE008D4EEB /* ReminderApp.swift */,
				C793AA4C2CDABEF0008D4EEB /* Assets.xcassets */,
				C793AA4E2CDABEF0008D4EEB /* Preview Content */,
				C7F757D82D3DDEE3000C970A /* ReminderModel.xcdatamodeld */,
			);
			path = Reminder;
			sourceTree = "<group>";
		};
		C793AA4E2CDABEF0008D4EEB /* Preview Content */ = {
			isa = PBXGroup;
			children = (
				C793AA4F2CDABEF0008D4EEB /* Preview Assets.xcassets */,
			);
			path = "Preview Content";
			sourceTree = "<group>";
		};
		C7F757E92D3E076B000C970A /* Views */ = {
			isa = PBXGroup;
			children = (
				C793AA4A2CDABEEE008D4EEB /* ContentView.swift */,
				C7F757EA2D3E077C000C970A /* ToDoView.swift */,
				C7F757EC2D3E07B9000C970A /* AddToDoView.swift */,
				C7F757EE2D3E07F4000C970A /* AlwaysOnView.swift */,
				C7F757F42D3E086F000C970A /* DoneView.swift */,
				C7F757F62D3E0897000C970A /* PomodoroView.swift */,
			);
			path = Views;
			sourceTree = "<group>";
		};
		C7F757FA2D3E08FC000C970A /* Persistence */ = {
			isa = PBXGroup;
			children = (
				C7F757DF2D3DDF7A000C970A /* PersistenceController.swift */,
				C7F757DB2D3DDF56000C970A /* ReminderEntity+CoreDataClass.swift */,
				C7F757DC2D3DDF56000C970A /* ReminderEntity+CoreDataProperties.swift */,
			);
			path = Persistence;
			sourceTree = "<group>";
		};
		C7F757FC2D3E0928000C970A /* Utils */ = {
			isa = PBXGroup;
			children = (
				C7F757E32D3DF1D9000C970A /* NotificationDelegate.swift */,
				C7F757E12D3DE4EB000C970A /* ReminderManager.swift */,
				C7F757F22D3E085C000C970A /* DateFormatter.swift */,
			);
			path = Utils;
			sourceTree = "<group>";
		};
/* End PBXGroup section */

/* Begin PBXNativeTarget section */
		C793AA442CDABEEE008D4EEB /* Reminder */ = {
			isa = PBXNativeTarget;
			buildConfigurationList = C793AA532CDABEF0008D4EEB /* Build configuration list for PBXNativeTarget "Reminder" */;
			buildPhases = (
				C793AA412CDABEEE008D4EEB /* Sources */,
				C793AA422CDABEEE008D4EEB /* Frameworks */,
				C793AA432CDABEEE008D4EEB /* Resources */,
			);
			buildRules = (
			);
			dependencies = (
			);
			name = Reminder;
			productName = reminder;
			productReference = C793AA452CDABEEE008D4EEB /* Reminder.app */;
			productType = "com.apple.product-type.application";
		};
/* End PBXNativeTarget section */

/* Begin PBXProject section */
		C793AA3D2CDABEEE008D4EEB /* Project object */ = {
			isa = PBXProject;
			attributes = {
				BuildIndependentTargetsInParallel = 1;
				LastSwiftUpdateCheck = 1420;
				LastUpgradeCheck = 1420;
				TargetAttributes = {
					C793AA442CDABEEE008D4EEB = {
						CreatedOnToolsVersion = 14.2;
					};
				};
			};
			buildConfigurationList = C793AA402CDABEEE008D4EEB /* Build configuration list for PBXProject "Reminder" */;
			compatibilityVersion = "Xcode 14.0";
			developmentRegion = en;
			hasScannedForEncodings = 0;
			knownRegions = (
				en,
				Base,
			);
			mainGroup = C793AA3C2CDABEEE008D4EEB;
			productRefGroup = C793AA462CDABEEE008D4EEB /* Products */;
			projectDirPath = "";
			projectRoot = "";
			targets = (
				C793AA442CDABEEE008D4EEB /* Reminder */,
			);
		};
/* End PBXProject section */

/* Begin PBXResourcesBuildPhase section */
		C793AA432CDABEEE008D4EEB /* Resources */ = {
			isa = PBXResourcesBuildPhase;
			buildActionMask = 2147483647;
			files = (
				C793AA502CDABEF0008D4EEB /* Preview Assets.xcassets in Resources */,
				C793AA4D2CDABEF0008D4EEB /* Assets.xcassets in Resources */,
			);
			runOnlyForDeploymentPostprocessing = 0;
		};
/* End PBXResourcesBuildPhase section */

/* Begin PBXSourcesBuildPhase section */
		C793AA412CDABEEE008D4EEB /* Sources */ = {
			isa = PBXSourcesBuildPhase;
			buildActionMask = 2147483647;
			files = (
				C7F757F72D3E0897000C970A /* PomodoroView.swift in Sources */,
				C7F757DE2D3DDF56000C970A /* ReminderEntity+CoreDataProperties.swift in Sources */,
				C7F757DD2D3DDF56000C970A /* ReminderEntity+CoreDataClass.swift in Sources */,
				C793AA4B2CDABEEE008D4EEB /* ContentView.swift in Sources */,
				C7F757F32D3E085C000C970A /* DateFormatter.swift in Sources */,
				C7F757E22D3DE4EB000C970A /* ReminderManager.swift in Sources */,
				C7F757F92D3E08E3000C970A /* Constants.swift in Sources */,
				C7F757EF2D3E07F4000C970A /* AlwaysOnView.swift in Sources */,
				C7F757E02D3DDF7A000C970A /* PersistenceController.swift in Sources */,
				C7F757DA2D3DDEE3000C970A /* ReminderModel.xcdatamodeld in Sources */,
				C7F757ED2D3E07B9000C970A /* AddToDoView.swift in Sources */,
				C7F757F52D3E086F000C970A /* DoneView.swift in Sources */,
				C793AA492CDABEEE008D4EEB /* ReminderApp.swift in Sources */,
				C7F757EB2D3E077C000C970A /* ToDoView.swift in Sources */,
				C7F757E42D3DF1D9000C970A /* NotificationDelegate.swift in Sources */,
			);
			runOnlyForDeploymentPostprocessing = 0;
		};
/* End PBXSourcesBuildPhase section */

/* Begin XCBuildConfiguration section */
		C793AA512CDABEF0008D4EEB /* Debug */ = {
			isa = XCBuildConfiguration;
			buildSettings = {
				ALWAYS_SEARCH_USER_PATHS = NO;
				CLANG_ANALYZER_NONNULL = YES;
				CLANG_ANALYZER_NUMBER_OBJECT_CONVERSION = YES_AGGRESSIVE;
				CLANG_CXX_LANGUAGE_STANDARD = "gnu++20";
				CLANG_ENABLE_MODULES = YES;
				CLANG_ENABLE_OBJC_ARC = YES;
				CLANG_ENABLE_OBJC_WEAK = YES;
				CLANG_WARN_BLOCK_CAPTURE_AUTORELEASING = YES;
				CLANG_WARN_BOOL_CONVERSION = YES;
				CLANG_WARN_COMMA = YES;
				CLANG_WARN_CONSTANT_CONVERSION = YES;
				CLANG_WARN_DEPRECATED_OBJC_IMPLEMENTATIONS = YES;
				CLANG_WARN_DIRECT_OBJC_ISA_USAGE = YES_ERROR;
				CLANG_WARN_DOCUMENTATION_COMMENTS = YES;
				CLANG_WARN_EMPTY_BODY = YES;
				CLANG_WARN_ENUM_CONVERSION = YES;
				CLANG_WARN_INFINITE_RECURSION = YES;
				CLANG_WARN_INT_CONVERSION = YES;
				CLANG_WARN_NON_LITERAL_NULL_CONVERSION = YES;
				CLANG_WARN_OBJC_IMPLICIT_RETAIN_SELF = YES;
				CLANG_WARN_OBJC_LITERAL_CONVERSION = YES;
				CLANG_WARN_OBJC_ROOT_CLASS = YES_ERROR;
				CLANG_WARN_QUOTED_INCLUDE_IN_FRAMEWORK_HEADER = YES;
				CLANG_WARN_RANGE_LOOP_ANALYSIS = YES;
				CLANG_WARN_STRICT_PROTOTYPES = YES;
				CLANG_WARN_SUSPICIOUS_MOVE = YES;
				CLANG_WARN_UNGUARDED_AVAILABILITY = YES_AGGRESSIVE;
				CLANG_WARN_UNREACHABLE_CODE = YES;
				CLANG_WARN__DUPLICATE_METHOD_MATCH = YES;
				COPY_PHASE_STRIP = NO;
				DEBUG_INFORMATION_FORMAT = dwarf;
				ENABLE_STRICT_OBJC_MSGSEND = YES;
				ENABLE_TESTABILITY = YES;
				GCC_C_LANGUAGE_STANDARD = gnu11;
				GCC_DYNAMIC_NO_PIC = NO;
				GCC_NO_COMMON_BLOCKS = YES;
				GCC_OPTIMIZATION_LEVEL = 0;
				GCC_PREPROCESSOR_DEFINITIONS = (
					"DEBUG=1",
					"$(inherited)",
				);
				GCC_WARN_64_TO_32_BIT_CONVERSION = YES;
				GCC_WARN_ABOUT_RETURN_TYPE = YES_ERROR;
				GCC_WARN_UNDECLARED_SELECTOR = YES;
				GCC_WARN_UNINITIALIZED_AUTOS = YES_AGGRESSIVE;
				GCC_WARN_UNUSED_FUNCTION = YES;
				GCC_WARN_UNUSED_VARIABLE = YES;
				IPHONEOS_DEPLOYMENT_TARGET = 16.2;
				MTL_ENABLE_DEBUG_INFO = INCLUDE_SOURCE;
				MTL_FAST_MATH = YES;
				ONLY_ACTIVE_ARCH = YES;
				SDKROOT = iphoneos;
				SWIFT_ACTIVE_COMPILATION_CONDITIONS = DEBUG;
				SWIFT_OPTIMIZATION_LEVEL = "-Onone";
			};
			name = Debug;
		};
		C793AA522CDABEF0008D4EEB /* Release */ = {
			isa = XCBuildConfiguration;
			buildSettings = {
				ALWAYS_SEARCH_USER_PATHS = NO;
				CLANG_ANALYZER_NONNULL = YES;
				CLANG_ANALYZER_NUMBER_OBJECT_CONVERSION = YES_AGGRESSIVE;
				CLANG_CXX_LANGUAGE_STANDARD = "gnu++20";
				CLANG_ENABLE_MODULES = YES;
				CLANG_ENABLE_OBJC_ARC = YES;
				CLANG_ENABLE_OBJC_WEAK = YES;
				CLANG_WARN_BLOCK_CAPTURE_AUTORELEASING = YES;
				CLANG_WARN_BOOL_CONVERSION = YES;
				CLANG_WARN_COMMA = YES;
				CLANG_WARN_CONSTANT_CONVERSION = YES;
				CLANG_WARN_DEPRECATED_OBJC_IMPLEMENTATIONS = YES;
				CLANG_WARN_DIRECT_OBJC_ISA_USAGE = YES_ERROR;
				CLANG_WARN_DOCUMENTATION_COMMENTS = YES;
				CLANG_WARN_EMPTY_BODY = YES;
				CLANG_WARN_ENUM_CONVERSION = YES;
				CLANG_WARN_INFINITE_RECURSION = YES;
				CLANG_WARN_INT_CONVERSION = YES;
				CLANG_WARN_NON_LITERAL_NULL_CONVERSION = YES;
				CLANG_WARN_OBJC_IMPLICIT_RETAIN_SELF = YES;
				CLANG_WARN_OBJC_LITERAL_CONVERSION = YES;
				CLANG_WARN_OBJC_ROOT_CLASS = YES_ERROR;
				CLANG_WARN_QUOTED_INCLUDE_IN_FRAMEWORK_HEADER = YES;
				CLANG_WARN_RANGE_LOOP_ANALYSIS = YES;
				CLANG_WARN_STRICT_PROTOTYPES = YES;
				CLANG_WARN_SUSPICIOUS_MOVE = YES;
				CLANG_WARN_UNGUARDED_AVAILABILITY = YES_AGGRESSIVE;
				CLANG_WARN_UNREACHABLE_CODE = YES;
				CLANG_WARN__DUPLICATE_METHOD_MATCH = YES;
				COPY_PHASE_STRIP = NO;
				DEBUG_INFORMATION_FORMAT = "dwarf-with-dsym";
				ENABLE_NS_ASSERTIONS = NO;
				ENABLE_STRICT_OBJC_MSGSEND = YES;
				GCC_C_LANGUAGE_STANDARD = gnu11;
				GCC_NO_COMMON_BLOCKS = YES;
				GCC_WARN_64_TO_32_BIT_CONVERSION = YES;
				GCC_WARN_ABOUT_RETURN_TYPE = YES_ERROR;
				GCC_WARN_UNDECLARED_SELECTOR = YES;
				GCC_WARN_UNINITIALIZED_AUTOS = YES_AGGRESSIVE;
				GCC_WARN_UNUSED_FUNCTION = YES;
				GCC_WARN_UNUSED_VARIABLE = YES;
				IPHONEOS_DEPLOYMENT_TARGET = 16.2;
				MTL_ENABLE_DEBUG_INFO = NO;
				MTL_FAST_MATH = YES;
				SDKROOT = iphoneos;
				SWIFT_COMPILATION_MODE = wholemodule;
				SWIFT_OPTIMIZATION_LEVEL = "-O";
				VALIDATE_PRODUCT = YES;
			};
			name = Release;
		};
		C793AA542CDABEF0008D4EEB /* Debug */ = {
			isa = XCBuildConfiguration;
			buildSettings = {
				ASSETCATALOG_COMPILER_APPICON_NAME = AppIcon;
				ASSETCATALOG_COMPILER_GLOBAL_ACCENT_COLOR_NAME = AccentColor;
				CODE_SIGN_IDENTITY = "Don't Code Sign";
				CODE_SIGN_INJECT_BASE_ENTITLEMENTS = NO;
				CODE_SIGN_STYLE = Manual;
				CURRENT_PROJECT_VERSION = 1;
				DEVELOPMENT_ASSET_PATHS = "\"reminder/Preview Content\"";
				DEVELOPMENT_TEAM = "";
				ENABLE_PREVIEWS = YES;
				GENERATE_INFOPLIST_FILE = YES;
				INFOPLIST_KEY_UIApplicationSceneManifest_Generation = YES;
				INFOPLIST_KEY_UIApplicationSupportsIndirectInputEvents = YES;
				INFOPLIST_KEY_UILaunchScreen_Generation = YES;
				INFOPLIST_KEY_UISupportedInterfaceOrientations_iPad = "UIInterfaceOrientationPortrait UIInterfaceOrientationPortraitUpsideDown UIInterfaceOrientationLandscapeLeft UIInterfaceOrientationLandscapeRight";
				INFOPLIST_KEY_UISupportedInterfaceOrientations_iPhone = "UIInterfaceOrientationPortrait UIInterfaceOrientationLandscapeLeft UIInterfaceOrientationLandscapeRight";
				LD_RUNPATH_SEARCH_PATHS = (
					"$(inherited)",
					"@executable_path/Frameworks",
				);
				MARKETING_VERSION = 1.0;
				PRODUCT_BUNDLE_IDENTIFIER = com.esad.reminder;
				PRODUCT_NAME = "$(TARGET_NAME)";
				PROVISIONING_PROFILE_SPECIFIER = "";
				SWIFT_EMIT_LOC_STRINGS = YES;
				SWIFT_VERSION = 5.0;
				TARGETED_DEVICE_FAMILY = "1,2";
			};
			name = Debug;
		};
		C793AA552CDABEF0008D4EEB /* Release */ = {
			isa = XCBuildConfiguration;
			buildSettings = {
				ASSETCATALOG_COMPILER_APPICON_NAME = AppIcon;
				ASSETCATALOG_COMPILER_GLOBAL_ACCENT_COLOR_NAME = AccentColor;
				CODE_SIGN_IDENTITY = "Don't Code Sign";
				CODE_SIGN_INJECT_BASE_ENTITLEMENTS = NO;
				CODE_SIGN_STYLE = Manual;
				CURRENT_PROJECT_VERSION = 1;
				DEVELOPMENT_ASSET_PATHS = "\"reminder/Preview Content\"";
				DEVELOPMENT_TEAM = "";
				ENABLE_PREVIEWS = YES;
				GENERATE_INFOPLIST_FILE = YES;
				INFOPLIST_KEY_UIApplicationSceneManifest_Generation = YES;
				INFOPLIST_KEY_UIApplicationSupportsIndirectInputEvents = YES;
				INFOPLIST_KEY_UILaunchScreen_Generation = YES;
				INFOPLIST_KEY_UISupportedInterfaceOrientations_iPad = "UIInterfaceOrientationPortrait UIInterfaceOrientationPortraitUpsideDown UIInterfaceOrientationLandscapeLeft UIInterfaceOrientationLandscapeRight";
				INFOPLIST_KEY_UISupportedInterfaceOrientations_iPhone = "UIInterfaceOrientationPortrait UIInterfaceOrientationLandscapeLeft UIInterfaceOrientationLandscapeRight";
				LD_RUNPATH_SEARCH_PATHS = (
					"$(inherited)",
					"@executable_path/Frameworks",
				);
				MARKETING_VERSION = 1.0;
				PRODUCT_BUNDLE_IDENTIFIER = com.esad.reminder;
				PRODUCT_NAME = "$(TARGET_NAME)";
				PROVISIONING_PROFILE_SPECIFIER = "";
				SWIFT_EMIT_LOC_STRINGS = YES;
				SWIFT_VERSION = 5.0;
				TARGETED_DEVICE_FAMILY = "1,2";
			};
			name = Release;
		};
/* End XCBuildConfiguration section */

/* Begin XCConfigurationList section */
		C793AA402CDABEEE008D4EEB /* Build configuration list for PBXProject "Reminder" */ = {
			isa = XCConfigurationList;
			buildConfigurations = (
				C793AA512CDABEF0008D4EEB /* Debug */,
				C793AA522CDABEF0008D4EEB /* Release */,
			);
			defaultConfigurationIsVisible = 0;
			defaultConfigurationName = Release;
		};
		C793AA532CDABEF0008D4EEB /* Build configuration list for PBXNativeTarget "Reminder" */ = {
			isa = XCConfigurationList;
			buildConfigurations = (
				C793AA542CDABEF0008D4EEB /* Debug */,
				C793AA552CDABEF0008D4EEB /* Release */,
			);
			defaultConfigurationIsVisible = 0;
			defaultConfigurationName = Release;
		};
/* End XCConfigurationList section */

/* Begin XCVersionGroup section */
		C7F757D82D3DDEE3000C970A /* ReminderModel.xcdatamodeld */ = {
			isa = XCVersionGroup;
			children = (
				C7F757D92D3DDEE3000C970A /* ReminderModel.xcdatamodel */,
			);
			currentVersion = C7F757D92D3DDEE3000C970A /* ReminderModel.xcdatamodel */;
			path = ReminderModel.xcdatamodeld;
			sourceTree = "<group>";
			versionGroupType = wrapper.xcdatamodel;
		};
/* End XCVersionGroup section */
	};
	rootObject = C793AA3D2CDABEEE008D4EEB /* Project object */;
}
